
Microsoft Visual Studio Solution File, Format Version 12.00
# Visual Studio 2012
Project("{FAE04EC0-301F-11D3-BF4B-00C04F79EFBC}") = "QProxy", "QProxy\QProxy.csproj", "{C07CA157-FEAA-4CE4-AF80-B489E318553D}"
EndProject
Project("{FAE04EC0-301F-11D3-BF4B-00C04F79EFBC}") = "CMDStarter", "CMDStarter\CMDStarter.csproj", "{3A1FBDCE-14C9-4E94-B64B-BF324A70534F}"
EndProject
Global
	GlobalSection(SolutionConfigurationPlatforms) = preSolution
		Debug|Any CPU = Debug|Any CPU
		Release|Any CPU = Release|Any CPU
	EndGlobalSection
	GlobalSection(ProjectConfigurationPlatforms) = postSolution
		{C07CA157-FEAA-4CE4-AF80-B489E318553D}.Debug|Any CPU.ActiveCfg = Debug|Any CPU
		{C07CA157-FEAA-4CE4-AF80-B489E318553D}.Debug|Any CPU.Build.0 = Debug|Any CPU
		{C07CA157-FEAA-4CE4-AF80-B489E318553D}.Release|Any CPU.ActiveCfg = Release|Any CPU
		{C07CA157-FEAA-4CE4-AF80-B489E318553D}.Release|Any CPU.Build.0 = Release|Any CPU
		{3A1FBDCE-14C9-4E94-B64B-BF324A70534F}.Debug|Any CPU.ActiveCfg = Debug|Any CPU
		{3A1FBDCE-14C9-4E94-B64B-BF324A70534F}.Debug|Any CPU.Build.0 = Debug|Any CPU
		{3A1FBDCE-14C9-4E94-B64B-BF324A70534F}.Release|Any CPU.ActiveCfg = Release|Any CPU
		{3A1FBDCE-14C9-4E94-B64B-BF324A70534F}.Release|Any CPU.Build.0 = Release|Any CPU
	EndGlobalSection
	GlobalSection(SolutionProperties) = preSolution
		HideSolutionNode = FALSE
	EndGlobalSection
EndGlobal
